// !$*UTF8*$!
{
	archiveVersion = 1;
	classes = {
	};
	objectVersion = 48;
	objects = {

/* Begin PBXBuildFile section */
		66A9EEE31FE2790500C0DE72 /* AppDelegate.swift in Sources */ = {isa = PBXBuildFile; fileRef = 66A9EEE21FE2790500C0DE72 /* AppDelegate.swift */; };
		66A9EEE51FE2790500C0DE72 /* ViewController.swift in Sources */ = {isa = PBXBuildFile; fileRef = 66A9EEE41FE2790500C0DE72 /* ViewController.swift */; };
		66A9EEE81FE2790500C0DE72 /* Main.storyboard in Resources */ = {isa = PBXBuildFile; fileRef = 66A9EEE61FE2790500C0DE72 /* Main.storyboard */; };
		66A9EEED1FE2790500C0DE72 /* LaunchScreen.storyboard in Resources */ = {isa = PBXBuildFile; fileRef = 66A9EEEB1FE2790500C0DE72 /* LaunchScreen.storyboard */; };
		66A9EF0A1FE8E90B00C0DE72 /* ViewController.swift in Sources */ = {isa = PBXBuildFile; fileRef = 66A9EEE41FE2790500C0DE72 /* ViewController.swift */; };
		66A9EF0B1FE8E90B00C0DE72 /* AppDelegate.swift in Sources */ = {isa = PBXBuildFile; fileRef = 66A9EEE21FE2790500C0DE72 /* AppDelegate.swift */; };
		66A9EF0D1FE8E90B00C0DE72 /* Pods_sunLight.framework in Frameworks */ = {isa = PBXBuildFile; fileRef = 9D0C5A42BE1581464225F25B /* Pods_sunLight.framework */; };
		66A9EF0F1FE8E90B00C0DE72 /* LaunchScreen.storyboard in Resources */ = {isa = PBXBuildFile; fileRef = 66A9EEEB1FE2790500C0DE72 /* LaunchScreen.storyboard */; };
		66A9EF111FE8E90B00C0DE72 /* Main.storyboard in Resources */ = {isa = PBXBuildFile; fileRef = 66A9EEE61FE2790500C0DE72 /* Main.storyboard */; };
		66A9EF1B1FE8F3DA00C0DE72 /* Assets.xcassets in Resources */ = {isa = PBXBuildFile; fileRef = 66A9EEE91FE2790500C0DE72 /* Assets.xcassets */; };
		66A9EF1C1FE8F47500C0DE72 /* Assets.xcassets in Resources */ = {isa = PBXBuildFile; fileRef = 66A9EEE91FE2790500C0DE72 /* Assets.xcassets */; };
		6E4838863A0DFDD689961311 /* Pods_sunLight.framework in Frameworks */ = {isa = PBXBuildFile; fileRef = 9D0C5A42BE1581464225F25B /* Pods_sunLight.framework */; };
/* End PBXBuildFile section */

/* Begin PBXFileReference section */
		145021F3DDC1ED75F7A9BC7B /* Pods-sunLight.release.xcconfig */ = {isa = PBXFileReference; includeInIndex = 1; lastKnownFileType = text.xcconfig; name = "Pods-sunLight.release.xcconfig"; path = "Pods/Target Support Files/Pods-sunLight/Pods-sunLight.release.xcconfig"; sourceTree = "<group>"; };
		66A9EEDF1FE2790500C0DE72 /* sunLight.app */ = {isa = PBXFileReference; explicitFileType = wrapper.application; includeInIndex = 0; path = sunLight.app; sourceTree = BUILT_PRODUCTS_DIR; };
		66A9EEE21FE2790500C0DE72 /* AppDelegate.swift */ = {isa = PBXFileReference; lastKnownFileType = sourcecode.swift; path = AppDelegate.swift; sourceTree = "<group>"; };
		66A9EEE41FE2790500C0DE72 /* ViewController.swift */ = {isa = PBXFileReference; lastKnownFileType = sourcecode.swift; path = ViewController.swift; sourceTree = "<group>"; };
		66A9EEE71FE2790500C0DE72 /* Base */ = {isa = PBXFileReference; lastKnownFileType = file.storyboard; name = Base; path = Base.lproj/Main.storyboard; sourceTree = "<group>"; };
		66A9EEE91FE2790500C0DE72 /* Assets.xcassets */ = {isa = PBXFileReference; lastKnownFileType = folder.assetcatalog; path = Assets.xcassets; sourceTree = "<group>"; };
		66A9EEEC1FE2790500C0DE72 /* Base */ = {isa = PBXFileReference; lastKnownFileType = file.storyboard; name = Base; path = Base.lproj/LaunchScreen.storyboard; sourceTree = "<group>"; };
		66A9EEEE1FE2790500C0DE72 /* Info.plist */ = {isa = PBXFileReference; lastKnownFileType = text.plist.xml; path = Info.plist; sourceTree = "<group>"; };
		66A9EF171FE8E90B00C0DE72 /* sunLight Div.app */ = {isa = PBXFileReference; explicitFileType = wrapper.application; includeInIndex = 0; path = "sunLight Div.app"; sourceTree = BUILT_PRODUCTS_DIR; };
		66A9EF181FE8E90C00C0DE72 /* sunLight Div-Info.plist */ = {isa = PBXFileReference; lastKnownFileType = text.plist.xml; name = "sunLight Div-Info.plist"; path = "/Users/sunqingming/Documents/GitHub/sunlight/sunLight/sunLight/sunLight Div-Info.plist"; sourceTree = "<absolute>"; };
		66A9EF1E1FE8F86D00C0DE72 /* PrefixHeader.pch */ = {isa = PBXFileReference; lastKnownFileType = sourcecode.c.h; path = PrefixHeader.pch; sourceTree = "<group>"; };
		9D0C5A42BE1581464225F25B /* Pods_sunLight.framework */ = {isa = PBXFileReference; explicitFileType = wrapper.framework; includeInIndex = 0; path = Pods_sunLight.framework; sourceTree = BUILT_PRODUCTS_DIR; };
		B52887A03C73C68840B34B8C /* Pods-sunLight.debug.xcconfig */ = {isa = PBXFileReference; includeInIndex = 1; lastKnownFileType = text.xcconfig; name = "Pods-sunLight.debug.xcconfig"; path = "Pods/Target Support Files/Pods-sunLight/Pods-sunLight.debug.xcconfig"; sourceTree = "<group>"; };
/* End PBXFileReference section */

/* Begin PBXFrameworksBuildPhase section */
		66A9EEDC1FE2790500C0DE72 /* Frameworks */ = {
			isa = PBXFrameworksBuildPhase;
			buildActionMask = 2147483647;
			files = (
				6E4838863A0DFDD689961311 /* Pods_sunLight.framework in Frameworks */,
			);
			runOnlyForDeploymentPostprocessing = 0;
		};
		66A9EF0C1FE8E90B00C0DE72 /* Frameworks */ = {
			isa = PBXFrameworksBuildPhase;
			buildActionMask = 2147483647;
			files = (
				66A9EF0D1FE8E90B00C0DE72 /* Pods_sunLight.framework in Frameworks */,
			);
			runOnlyForDeploymentPostprocessing = 0;
		};
/* End PBXFrameworksBuildPhase section */

/* Begin PBXGroup section */
		27B8261CD0123392792403BF /* Pods */ = {
			isa = PBXGroup;
			children = (
				B52887A03C73C68840B34B8C /* Pods-sunLight.debug.xcconfig */,
				145021F3DDC1ED75F7A9BC7B /* Pods-sunLight.release.xcconfig */,
			);
			name = Pods;
			sourceTree = "<group>";
		};
		66A9EED61FE2790500C0DE72 = {
			isa = PBXGroup;
			children = (
				66A9EEE11FE2790500C0DE72 /* sunLight */,
				66A9EEE01FE2790500C0DE72 /* Products */,
				27B8261CD0123392792403BF /* Pods */,
				6A8F0CC90A92603A24A92C48 /* Frameworks */,
			);
			sourceTree = "<group>";
		};
		66A9EEE01FE2790500C0DE72 /* Products */ = {
			isa = PBXGroup;
			children = (
				66A9EEDF1FE2790500C0DE72 /* sunLight.app */,
				66A9EF171FE8E90B00C0DE72 /* sunLight Div.app */,
			);
			name = Products;
			sourceTree = "<group>";
		};
		66A9EEE11FE2790500C0DE72 /* sunLight */ = {
			isa = PBXGroup;
			children = (
				66A9EEE21FE2790500C0DE72 /* AppDelegate.swift */,
				66A9EEE41FE2790500C0DE72 /* ViewController.swift */,
				66A9EEE61FE2790500C0DE72 /* Main.storyboard */,
				66A9EEE91FE2790500C0DE72 /* Assets.xcassets */,
				66A9EEEB1FE2790500C0DE72 /* LaunchScreen.storyboard */,
				66A9EEEE1FE2790500C0DE72 /* Info.plist */,
				66A9EF181FE8E90C00C0DE72 /* sunLight Div-Info.plist */,
				66A9EF1E1FE8F86D00C0DE72 /* PrefixHeader.pch */,
			);
			path = sunLight;
			sourceTree = "<group>";
		};
		6A8F0CC90A92603A24A92C48 /* Frameworks */ = {
			isa = PBXGroup;
			children = (
				9D0C5A42BE1581464225F25B /* Pods_sunLight.framework */,
			);
			name = Frameworks;
			sourceTree = "<group>";
		};
/* End PBXGroup section */

/* Begin PBXNativeTarget section */
		66A9EEDE1FE2790500C0DE72 /* sunLight */ = {
			isa = PBXNativeTarget;
			buildConfigurationList = 66A9EEF11FE2790500C0DE72 /* Build configuration list for PBXNativeTarget "sunLight" */;
			buildPhases = (
				21FB75833A471061E7208822 /* [CP] Check Pods Manifest.lock */,
				66A9EEDB1FE2790500C0DE72 /* Sources */,
				66A9EEDC1FE2790500C0DE72 /* Frameworks */,
				66A9EEDD1FE2790500C0DE72 /* Resources */,
				90174F9851F19C9D0853859B /* [CP] Embed Pods Frameworks */,
				60231DCC2AF9A846E8C522B1 /* [CP] Copy Pods Resources */,
			);
			buildRules = (
			);
			dependencies = (
			);
			name = sunLight;
			productName = sunLight;
			productReference = 66A9EEDF1FE2790500C0DE72 /* sunLight.app */;
			productType = "com.apple.product-type.application";
		};
		66A9EF071FE8E90B00C0DE72 /* sunLight Div */ = {
			isa = PBXNativeTarget;
			buildConfigurationList = 66A9EF141FE8E90B00C0DE72 /* Build configuration list for PBXNativeTarget "sunLight Div" */;
			buildPhases = (
				66A9EF081FE8E90B00C0DE72 /* [CP] Check Pods Manifest.lock */,
				66A9EF091FE8E90B00C0DE72 /* Sources */,
				66A9EF0C1FE8E90B00C0DE72 /* Frameworks */,
				66A9EF0E1FE8E90B00C0DE72 /* Resources */,
				66A9EF121FE8E90B00C0DE72 /* [CP] Embed Pods Frameworks */,
				66A9EF131FE8E90B00C0DE72 /* [CP] Copy Pods Resources */,
			);
			buildRules = (
			);
			dependencies = (
			);
			name = "sunLight Div";
			productName = sunLight;
			productReference = 66A9EF171FE8E90B00C0DE72 /* sunLight Div.app */;
			productType = "com.apple.product-type.application";
		};
/* End PBXNativeTarget section */

/* Begin PBXProject section */
		66A9EED71FE2790500C0DE72 /* Project object */ = {
			isa = PBXProject;
			attributes = {
				CLASSPREFIX = S;
				LastSwiftUpdateCheck = 0920;
				LastUpgradeCheck = 0920;
				ORGANIZATIONNAME = www.sunlight.cn;
				TargetAttributes = {
					66A9EEDE1FE2790500C0DE72 = {
						CreatedOnToolsVersion = 9.2;
						ProvisioningStyle = Automatic;
					};
					66A9EF071FE8E90B00C0DE72 = {
						ProvisioningStyle = Automatic;
					};
				};
			};
			buildConfigurationList = 66A9EEDA1FE2790500C0DE72 /* Build configuration list for PBXProject "sunLight" */;
			compatibilityVersion = "Xcode 8.0";
			developmentRegion = en;
			hasScannedForEncodings = 0;
			knownRegions = (
				en,
				Base,
			);
			mainGroup = 66A9EED61FE2790500C0DE72;
			productRefGroup = 66A9EEE01FE2790500C0DE72 /* Products */;
			projectDirPath = "";
			projectRoot = "";
			targets = (
				66A9EEDE1FE2790500C0DE72 /* sunLight */,
				66A9EF071FE8E90B00C0DE72 /* sunLight Div */,
			);
		};
/* End PBXProject section */

/* Begin PBXResourcesBuildPhase section */
		66A9EEDD1FE2790500C0DE72 /* Resources */ = {
			isa = PBXResourcesBuildPhase;
			buildActionMask = 2147483647;
			files = (
				66A9EEED1FE2790500C0DE72 /* LaunchScreen.storyboard in Resources */,
				66A9EF1B1FE8F3DA00C0DE72 /* Assets.xcassets in Resources */,
				66A9EEE81FE2790500C0DE72 /* Main.storyboard in Resources */,
			);
			runOnlyForDeploymentPostprocessing = 0;
		};
		66A9EF0E1FE8E90B00C0DE72 /* Resources */ = {
			isa = PBXResourcesBuildPhase;
			buildActionMask = 2147483647;
			files = (
				66A9EF0F1FE8E90B00C0DE72 /* LaunchScreen.storyboard in Resources */,
				66A9EF1C1FE8F47500C0DE72 /* Assets.xcassets in Resources */,
				66A9EF111FE8E90B00C0DE72 /* Main.storyboard in Resources */,
			);
			runOnlyForDeploymentPostprocessing = 0;
		};
/* End PBXResourcesBuildPhase section */

/* Begin PBXShellScriptBuildPhase section */
		21FB75833A471061E7208822 /* [CP] Check Pods Manifest.lock */ = {
			isa = PBXShellScriptBuildPhase;
			buildActionMask = 2147483647;
			files = (
			);
			inputPaths = (
				"${PODS_PODFILE_DIR_PATH}/Podfile.lock",
				"${PODS_ROOT}/Manifest.lock",
			);
			name = "[CP] Check Pods Manifest.lock";
			outputPaths = (
				"$(DERIVED_FILE_DIR)/Pods-sunLight-checkManifestLockResult.txt",
			);
			runOnlyForDeploymentPostprocessing = 0;
			shellPath = /bin/sh;
			shellScript = "diff \"${PODS_PODFILE_DIR_PATH}/Podfile.lock\" \"${PODS_ROOT}/Manifest.lock\" > /dev/null\nif [ $? != 0 ] ; then\n    # print error to STDERR\n    echo \"error: The sandbox is not in sync with the Podfile.lock. Run 'pod install' or update your CocoaPods installation.\" >&2\n    exit 1\nfi\n# This output is used by Xcode 'outputs' to avoid re-running this script phase.\necho \"SUCCESS\" > \"${SCRIPT_OUTPUT_FILE_0}\"\n";
			showEnvVarsInLog = 0;
		};
		60231DCC2AF9A846E8C522B1 /* [CP] Copy Pods Resources */ = {
			isa = PBXShellScriptBuildPhase;
			buildActionMask = 2147483647;
			files = (
			);
			inputPaths = (
			);
			name = "[CP] Copy Pods Resources";
			outputPaths = (
			);
			runOnlyForDeploymentPostprocessing = 0;
			shellPath = /bin/sh;
			shellScript = "\"${SRCROOT}/Pods/Target Support Files/Pods-sunLight/Pods-sunLight-resources.sh\"\n";
			showEnvVarsInLog = 0;
		};
		66A9EF081FE8E90B00C0DE72 /* [CP] Check Pods Manifest.lock */ = {
			isa = PBXShellScriptBuildPhase;
			buildActionMask = 2147483647;
			files = (
			);
			inputPaths = (
				"${PODS_PODFILE_DIR_PATH}/Podfile.lock",
				"${PODS_ROOT}/Manifest.lock",
			);
			name = "[CP] Check Pods Manifest.lock";
			outputPaths = (
				"$(DERIVED_FILE_DIR)/Pods-sunLight-checkManifestLockResult.txt",
			);
			runOnlyForDeploymentPostprocessing = 0;
			shellPath = /bin/sh;
			shellScript = "diff \"${PODS_PODFILE_DIR_PATH}/Podfile.lock\" \"${PODS_ROOT}/Manifest.lock\" > /dev/null\nif [ $? != 0 ] ; then\n    # print error to STDERR\n    echo \"error: The sandbox is not in sync with the Podfile.lock. Run 'pod install' or update your CocoaPods installation.\" >&2\n    exit 1\nfi\n# This output is used by Xcode 'outputs' to avoid re-running this script phase.\necho \"SUCCESS\" > \"${SCRIPT_OUTPUT_FILE_0}\"\n";
			showEnvVarsInLog = 0;
		};
		66A9EF121FE8E90B00C0DE72 /* [CP] Embed Pods Frameworks */ = {
			isa = PBXShellScriptBuildPhase;
			buildActionMask = 2147483647;
			files = (
			);
			inputPaths = (
				"${SRCROOT}/Pods/Target Support Files/Pods-sunLight/Pods-sunLight-frameworks.sh",
				"${BUILT_PRODUCTS_DIR}/AFNetworking/AFNetworking.framework",
				"${BUILT_PRODUCTS_DIR}/SDWebImage/SDWebImage.framework",
				"${BUILT_PRODUCTS_DIR}/SVProgressHUD/SVProgressHUD.framework",
				"${BUILT_PRODUCTS_DIR}/SnapKit/SnapKit.framework",
			);
			name = "[CP] Embed Pods Frameworks";
			outputPaths = (
				"${TARGET_BUILD_DIR}/${FRAMEWORKS_FOLDER_PATH}/AFNetworking.framework",
				"${TARGET_BUILD_DIR}/${FRAMEWORKS_FOLDER_PATH}/SDWebImage.framework",
				"${TARGET_BUILD_DIR}/${FRAMEWORKS_FOLDER_PATH}/SVProgressHUD.framework",
				"${TARGET_BUILD_DIR}/${FRAMEWORKS_FOLDER_PATH}/SnapKit.framework",
			);
			runOnlyForDeploymentPostprocessing = 0;
			shellPath = /bin/sh;
			shellScript = "\"${SRCROOT}/Pods/Target Support Files/Pods-sunLight/Pods-sunLight-frameworks.sh\"\n";
			showEnvVarsInLog = 0;
		};
		66A9EF131FE8E90B00C0DE72 /* [CP] Copy Pods Resources */ = {
			isa = PBXShellScriptBuildPhase;
			buildActionMask = 2147483647;
			files = (
			);
			inputPaths = (
			);
			name = "[CP] Copy Pods Resources";
			outputPaths = (
			);
			runOnlyForDeploymentPostprocessing = 0;
			shellPath = /bin/sh;
			shellScript = "\"${SRCROOT}/Pods/Target Support Files/Pods-sunLight/Pods-sunLight-resources.sh\"\n";
			showEnvVarsInLog = 0;
		};
		90174F9851F19C9D0853859B /* [CP] Embed Pods Frameworks */ = {
			isa = PBXShellScriptBuildPhase;
			buildActionMask = 2147483647;
			files = (
			);
			inputPaths = (
				"${SRCROOT}/Pods/Target Support Files/Pods-sunLight/Pods-sunLight-frameworks.sh",
				"${BUILT_PRODUCTS_DIR}/AFNetworking/AFNetworking.framework",
				"${BUILT_PRODUCTS_DIR}/SDWebImage/SDWebImage.framework",
				"${BUILT_PRODUCTS_DIR}/SVProgressHUD/SVProgressHUD.framework",
				"${BUILT_PRODUCTS_DIR}/SnapKit/SnapKit.framework",
			);
			name = "[CP] Embed Pods Frameworks";
			outputPaths = (
				"${TARGET_BUILD_DIR}/${FRAMEWORKS_FOLDER_PATH}/AFNetworking.framework",
				"${TARGET_BUILD_DIR}/${FRAMEWORKS_FOLDER_PATH}/SDWebImage.framework",
				"${TARGET_BUILD_DIR}/${FRAMEWORKS_FOLDER_PATH}/SVProgressHUD.framework",
				"${TARGET_BUILD_DIR}/${FRAMEWORKS_FOLDER_PATH}/SnapKit.framework",
			);
			runOnlyForDeploymentPostprocessing = 0;
			shellPath = /bin/sh;
			shellScript = "\"${SRCROOT}/Pods/Target Support Files/Pods-sunLight/Pods-sunLight-frameworks.sh\"\n";
			showEnvVarsInLog = 0;
		};
/* End PBXShellScriptBuildPhase section */

/* Begin PBXSourcesBuildPhase section */
		66A9EEDB1FE2790500C0DE72 /* Sources */ = {
			isa = PBXSourcesBuildPhase;
			buildActionMask = 2147483647;
			files = (
				66A9EEE51FE2790500C0DE72 /* ViewController.swift in Sources */,
				66A9EEE31FE2790500C0DE72 /* AppDelegate.swift in Sources */,
			);
			runOnlyForDeploymentPostprocessing = 0;
		};
		66A9EF091FE8E90B00C0DE72 /* Sources */ = {
			isa = PBXSourcesBuildPhase;
			buildActionMask = 2147483647;
			files = (
				66A9EF0A1FE8E90B00C0DE72 /* ViewController.swift in Sources */,
				66A9EF0B1FE8E90B00C0DE72 /* AppDelegate.swift in Sources */,
			);
			runOnlyForDeploymentPostprocessing = 0;
		};
/* End PBXSourcesBuildPhase section */

/* Begin PBXVariantGroup section */
		66A9EEE61FE2790500C0DE72 /* Main.storyboard */ = {
			isa = PBXVariantGroup;
			children = (
				66A9EEE71FE2790500C0DE72 /* Base */,
			);
			name = Main.storyboard;
			sourceTree = "<group>";
		};
		66A9EEEB1FE2790500C0DE72 /* LaunchScreen.storyboard */ = {
			isa = PBXVariantGroup;
			children = (
				66A9EEEC1FE2790500C0DE72 /* Base */,
			);
			name = LaunchScreen.storyboard;
			sourceTree = "<group>";
		};
/* End PBXVariantGroup section */

/* Begin XCBuildConfiguration section */
		66A9EEEF1FE2790500C0DE72 /* Debug */ = {
			isa = XCBuildConfiguration;
			buildSettings = {
				ALWAYS_SEARCH_USER_PATHS = NO;
				CLANG_ANALYZER_NONNULL = YES;
				CLANG_ANALYZER_NUMBER_OBJECT_CONVERSION = YES_AGGRESSIVE;
				CLANG_CXX_LANGUAGE_STANDARD = "gnu++14";
				CLANG_CXX_LIBRARY = "libc++";
				CLANG_ENABLE_MODULES = YES;
				CLANG_ENABLE_OBJC_ARC = YES;
				CLANG_WARN_BLOCK_CAPTURE_AUTORELEASING = YES;
				CLANG_WARN_BOOL_CONVERSION = YES;
				CLANG_WARN_COMMA = YES;
				CLANG_WARN_CONSTANT_CONVERSION = YES;
				CLANG_WARN_DIRECT_OBJC_ISA_USAGE = YES_ERROR;
				CLANG_WARN_DOCUMENTATION_COMMENTS = YES;
				CLANG_WARN_EMPTY_BODY = YES;
				CLANG_WARN_ENUM_CONVERSION = YES;
				CLANG_WARN_INFINITE_RECURSION = YES;
				CLANG_WARN_INT_CONVERSION = YES;
				CLANG_WARN_NON_LITERAL_NULL_CONVERSION = YES;
				CLANG_WARN_OBJC_LITERAL_CONVERSION = YES;
				CLANG_WARN_OBJC_ROOT_CLASS = YES_ERROR;
				CLANG_WARN_RANGE_LOOP_ANALYSIS = YES;
				CLANG_WARN_STRICT_PROTOTYPES = YES;
				CLANG_WARN_SUSPICIOUS_MOVE = YES;
				CLANG_WARN_UNGUARDED_AVAILABILITY = YES_AGGRESSIVE;
				CLANG_WARN_UNREACHABLE_CODE = YES;
				CLANG_WARN__DUPLICATE_METHOD_MATCH = YES;
				CODE_SIGN_IDENTITY = "iPhone Developer";
				COPY_PHASE_STRIP = NO;
				DEBUG_INFORMATION_FORMAT = dwarf;
				ENABLE_STRICT_OBJC_MSGSEND = YES;
				ENABLE_TESTABILITY = YES;
				GCC_C_LANGUAGE_STANDARD = gnu11;
				GCC_DYNAMIC_NO_PIC = NO;
				GCC_NO_COMMON_BLOCKS = YES;
				GCC_OPTIMIZATION_LEVEL = 0;
				GCC_PREPROCESSOR_DEFINITIONS = (
					"DEBUG=1",
					"$(inherited)",
				);
				GCC_WARN_64_TO_32_BIT_CONVERSION = YES;
				GCC_WARN_ABOUT_RETURN_TYPE = YES_ERROR;
				GCC_WARN_UNDECLARED_SELECTOR = YES;
				GCC_WARN_UNINITIALIZED_AUTOS = YES_AGGRESSIVE;
				GCC_WARN_UNUSED_FUNCTION = YES;
				GCC_WARN_UNUSED_VARIABLE = YES;
				IPHONEOS_DEPLOYMENT_TARGET = 11.2;
				MTL_ENABLE_DEBUG_INFO = YES;
				ONLY_ACTIVE_ARCH = YES;
				SDKROOT = iphoneos;
				SWIFT_ACTIVE_COMPILATION_CONDITIONS = DEBUG;
				SWIFT_OPTIMIZATION_LEVEL = "-Onone";
			};
			name = Debug;
		};
		66A9EEF01FE2790500C0DE72 /* Release */ = {
			isa = XCBuildConfiguration;
			buildSettings = {
				ALWAYS_SEARCH_USER_PATHS = NO;
				CLANG_ANALYZER_NONNULL = YES;
				CLANG_ANALYZER_NUMBER_OBJECT_CONVERSION = YES_AGGRESSIVE;
				CLANG_CXX_LANGUAGE_STANDARD = "gnu++14";
				CLANG_CXX_LIBRARY = "libc++";
				CLANG_ENABLE_MODULES = YES;
				CLANG_ENABLE_OBJC_ARC = YES;
				CLANG_WARN_BLOCK_CAPTURE_AUTORELEASING = YES;
				CLANG_WARN_BOOL_CONVERSION = YES;
				CLANG_WARN_COMMA = YES;
				CLANG_WARN_CONSTANT_CONVERSION = YES;
				CLANG_WARN_DIRECT_OBJC_ISA_USAGE = YES_ERROR;
				CLANG_WARN_DOCUMENTATION_COMMENTS = YES;
				CLANG_WARN_EMPTY_BODY = YES;
				CLANG_WARN_ENUM_CONVERSION = YES;
				CLANG_WARN_INFINITE_RECURSION = YES;
				CLANG_WARN_INT_CONVERSION = YES;
				CLANG_WARN_NON_LITERAL_NULL_CONVERSION = YES;
				CLANG_WARN_OBJC_LITERAL_CONVERSION = YES;
				CLANG_WARN_OBJC_ROOT_CLASS = YES_ERROR;
				CLANG_WARN_RANGE_LOOP_ANALYSIS = YES;
				CLANG_WARN_STRICT_PROTOTYPES = YES;
				CLANG_WARN_SUSPICIOUS_MOVE = YES;
				CLANG_WARN_UNGUARDED_AVAILABILITY = YES_AGGRESSIVE;
				CLANG_WARN_UNREACHABLE_CODE = YES;
				CLANG_WARN__DUPLICATE_METHOD_MATCH = YES;
				CODE_SIGN_IDENTITY = "iPhone Developer";
				COPY_PHASE_STRIP = NO;
				DEBUG_INFORMATION_FORMAT = "dwarf-with-dsym";
				ENABLE_NS_ASSERTIONS = NO;
				ENABLE_STRICT_OBJC_MSGSEND = YES;
				GCC_C_LANGUAGE_STANDARD = gnu11;
				GCC_NO_COMMON_BLOCKS = YES;
				GCC_WARN_64_TO_32_BIT_CONVERSION = YES;
				GCC_WARN_ABOUT_RETURN_TYPE = YES_ERROR;
				GCC_WARN_UNDECLARED_SELECTOR = YES;
				GCC_WARN_UNINITIALIZED_AUTOS = YES_AGGRESSIVE;
				GCC_WARN_UNUSED_FUNCTION = YES;
				GCC_WARN_UNUSED_VARIABLE = YES;
				IPHONEOS_DEPLOYMENT_TARGET = 11.2;
				MTL_ENABLE_DEBUG_INFO = NO;
				SDKROOT = iphoneos;
				SWIFT_OPTIMIZATION_LEVEL = "-Owholemodule";
				VALIDATE_PRODUCT = YES;
			};
			name = Release;
		};
		66A9EEF21FE2790500C0DE72 /* Debug */ = {
			isa = XCBuildConfiguration;
			baseConfigurationReference = B52887A03C73C68840B34B8C /* Pods-sunLight.debug.xcconfig */;
			buildSettings = {
				ASSETCATALOG_COMPILER_APPICON_NAME = AppIcon;
				CODE_SIGN_STYLE = Automatic;
				DEVELOPMENT_TEAM = 9JVMQ7S4HD;
				GCC_PRECOMPILE_PREFIX_HEADER = YES;
				GCC_PREFIX_HEADER = "$(SRCROOT)/sunLight/PrefixHeader.pch";
				INFOPLIST_FILE = sunLight/Info.plist;
				IPHONEOS_DEPLOYMENT_TARGET = 8.0;
				LD_RUNPATH_SEARCH_PATHS = "$(inherited) @executable_path/Frameworks";
				PRODUCT_BUNDLE_IDENTIFIER = cn.sunlight.sunLight;
				PRODUCT_NAME = "$(TARGET_NAME)";
				SWIFT_VERSION = 4.0;
				TARGETED_DEVICE_FAMILY = 1;
			};
			name = Debug;
		};
		66A9EEF31FE2790500C0DE72 /* Release */ = {
			isa = XCBuildConfiguration;
			baseConfigurationReference = 145021F3DDC1ED75F7A9BC7B /* Pods-sunLight.release.xcconfig */;
			buildSettings = {
				ASSETCATALOG_COMPILER_APPICON_NAME = AppIcon;
				CODE_SIGN_STYLE = Automatic;
				DEVELOPMENT_TEAM = 9JVMQ7S4HD;
				GCC_PRECOMPILE_PREFIX_HEADER = YES;
				GCC_PREFIX_HEADER = "$(SRCROOT)/sunLight/PrefixHeader.pch";
				INFOPLIST_FILE = sunLight/Info.plist;
				IPHONEOS_DEPLOYMENT_TARGET = 8.0;
				LD_RUNPATH_SEARCH_PATHS = "$(inherited) @executable_path/Frameworks";
				PRODUCT_BUNDLE_IDENTIFIER = cn.sunlight.sunLight;
				PRODUCT_NAME = "$(TARGET_NAME)";
				SWIFT_VERSION = 4.0;
				TARGETED_DEVICE_FAMILY = 1;
			};
			name = Release;
		};
		66A9EF151FE8E90B00C0DE72 /* Debug */ = {
			isa = XCBuildConfiguration;
			baseConfigurationReference = B52887A03C73C68840B34B8C /* Pods-sunLight.debug.xcconfig */;
			buildSettings = {
				ASSETCATALOG_COMPILER_APPICON_NAME = "AppIcon-Div";
				CODE_SIGN_STYLE = Automatic;
				DEVELOPMENT_TEAM = 9JVMQ7S4HD;
				GCC_PRECOMPILE_PREFIX_HEADER = YES;
				GCC_PREFIX_HEADER = "$(SRCROOT)/sunLight/PrefixHeader.pch";
				INFOPLIST_FILE = "$(SRCROOT)/sunLight/sunLight Div-Info.plist";
				IPHONEOS_DEPLOYMENT_TARGET = 8.0;
				LD_RUNPATH_SEARCH_PATHS = "$(inherited) @executable_path/Frameworks";
				PRODUCT_BUNDLE_IDENTIFIER = "cn.sunlight.sunLight-Div";
				PRODUCT_NAME = "$(TARGET_NAME)";
				SWIFT_VERSION = 4.0;
				TARGETED_DEVICE_FAMILY = 1;
			};
			name = Debug;
		};
		66A9EF161FE8E90B00C0DE72 /* Release */ = {
			isa = XCBuildConfiguration;
			baseConfigurationReference = 145021F3DDC1ED75F7A9BC7B /* Pods-sunLight.release.xcconfig */;
			buildSettings = {
				ASSETCATALOG_COMPILER_APPICON_NAME = "AppIcon-Div";
				CODE_SIGN_STYLE = Automatic;
				DEVELOPMENT_TEAM = 9JVMQ7S4HD;
				GCC_PRECOMPILE_PREFIX_HEADER = YES;
				GCC_PREFIX_HEADER = "$(SRCROOT)/sunLight/PrefixHeader.pch";
				INFOPLIST_FILE = "$(SRCROOT)/sunLight/sunLight Div-Info.plist";
				IPHONEOS_DEPLOYMENT_TARGET = 8.0;
				LD_RUNPATH_SEARCH_PATHS = "$(inherited) @executable_path/Frameworks";
				PRODUCT_BUNDLE_IDENTIFIER = "cn.sunlight.sunLight-Div";
				PRODUCT_NAME = "$(TARGET_NAME)";
				SWIFT_VERSION = 4.0;
				TARGETED_DEVICE_FAMILY = 1;
			};
			name = Release;
		};
/* End XCBuildConfiguration section */

/* Begin XCConfigurationList section */
		66A9EEDA1FE2790500C0DE72 /* Build configuration list for PBXProject "sunLight" */ = {
			isa = XCConfigurationList;
			buildConfigurations = (
				66A9EEEF1FE2790500C0DE72 /* Debug */,
				66A9EEF01FE2790500C0DE72 /* Release */,
			);
			defaultConfigurationIsVisible = 0;
			defaultConfigurationName = Release;
		};
		66A9EEF11FE2790500C0DE72 /* Build configuration list for PBXNativeTarget "sunLight" */ = {
			isa = XCConfigurationList;
			buildConfigurations = (
				66A9EEF21FE2790500C0DE72 /* Debug */,
				66A9EEF31FE2790500C0DE72 /* Release */,
			);
			defaultConfigurationIsVisible = 0;
			defaultConfigurationName = Release;
		};
		66A9EF141FE8E90B00C0DE72 /* Build configuration list for PBXNativeTarget "sunLight Div" */ = {
			isa = XCConfigurationList;
			buildConfigurations = (
				66A9EF151FE8E90B00C0DE72 /* Debug */,
				66A9EF161FE8E90B00C0DE72 /* Release */,
			);
			defaultConfigurationIsVisible = 0;
			defaultConfigurationName = Release;
		};
/* End XCConfigurationList section */
	};
	rootObject = 66A9EED71FE2790500C0DE72 /* Project object */;
}
